
Microsoft Visual Studio Solution File, Format Version 12.00
# Visual Studio Version 17
VisualStudioVersion = 17.3.32922.545
MinimumVisualStudioVersion = 10.0.40219.1
Project("{FAE04EC0-301F-11D3-BF4B-00C04F79EFBC}") = "CleanMovie.API", "CleanMovie.API\CleanMovie.API.csproj", "{CD67D3E6-DA8C-4876-BB79-BB49D8692567}"
EndProject
Global
	GlobalSection(SolutionConfigurationPlatforms) = preSolution
		Debug|Any CPU = Debug|Any CPU
		Release|Any CPU = Release|Any CPU
	EndGlobalSection
	GlobalSection(ProjectConfigurationPlatforms) = postSolution
		{CD67D3E6-DA8C-4876-BB79-BB49D8692567}.Debug|Any CPU.ActiveCfg = Debug|Any CPU
		{CD67D3E6-DA8C-4876-BB79-BB49D8692567}.Debug|Any CPU.Build.0 = Debug|Any CPU
		{CD67D3E6-DA8C-4876-BB79-BB49D8692567}.Release|Any CPU.ActiveCfg = Release|Any CPU
		{CD67D3E6-DA8C-4876-BB79-BB49D8692567}.Release|Any CPU.Build.0 = Release|Any CPU
	EndGlobalSection
	GlobalSection(SolutionProperties) = preSolution
		HideSolutionNode = FALSE
	EndGlobalSection
	GlobalSection(ExtensibilityGlobals) = postSolution
		SolutionGuid = {2765E414-E0C3-4F91-B182-1C1ED41FA1CA}
	EndGlobalSection
EndGlobal
